
Microsoft Visual Studio Solution File, Format Version 12.00
# Visual Studio Version 17
VisualStudioVersion = 17.11.35222.181
MinimumVisualStudioVersion = 10.0.40219.1
Project("{FAE04EC0-301F-11D3-BF4B-00C04F79EFBC}") = "LoginApp", "LoginApp\LoginApp.csproj", "{9AF8DE7B-C881-40A4-ADDB-6692BFEF704C}"
EndProject
Global
	GlobalSection(SolutionConfigurationPlatforms) = preSolution
		Debug|Any CPU = Debug|Any CPU
		Release|Any CPU = Release|Any CPU
	EndGlobalSection
	GlobalSection(ProjectConfigurationPlatforms) = postSolution
		{9AF8DE7B-C881-40A4-ADDB-6692BFEF704C}.Debug|Any CPU.ActiveCfg = Debug|Any CPU
		{9AF8DE7B-C881-40A4-ADDB-6692BFEF704C}.Debug|Any CPU.Build.0 = Debug|Any CPU
		{9AF8DE7B-C881-40A4-ADDB-6692BFEF704C}.Release|Any CPU.ActiveCfg = Release|Any CPU
		{9AF8DE7B-C881-40A4-ADDB-6692BFEF704C}.Release|Any CPU.Build.0 = Release|Any CPU
	EndGlobalSection
	GlobalSection(SolutionProperties) = preSolution
		HideSolutionNode = FALSE
	EndGlobalSection
	GlobalSection(ExtensibilityGlobals) = postSolution
		SolutionGuid = {95BB5B3C-210F-4394-A964-6D39EE0A32DD}
	EndGlobalSection
EndGlobal
